
Microsoft Visual Studio Solution File, Format Version 12.00
# Visual Studio Version 16
VisualStudioVersion = 16.0.30128.74
MinimumVisualStudioVersion = 10.0.40219.1
Project("{F184B08F-C81C-45F6-A57F-5ABD9991F28F}") = "MilliGacha", "MilliGacha.vbproj", "{55FB9DAF-ECD7-4BE2-9A92-76E46B94FDCB}"
EndProject
Project("{2150E333-8FDC-42A3-9474-1A3956D46DE8}") = "Solution Items", "Solution Items", "{D0F8735D-F97E-4547-A9BE-CD636B13E20C}"
	ProjectSection(SolutionItems) = preProject
		CardList.vb = CardList.vb
	EndProjectSection
EndProject
Global
	GlobalSection(SolutionConfigurationPlatforms) = preSolution
		Debug|Any CPU = Debug|Any CPU
		Release|Any CPU = Release|Any CPU
	EndGlobalSection
	GlobalSection(ProjectConfigurationPlatforms) = postSolution
		{55FB9DAF-ECD7-4BE2-9A92-76E46B94FDCB}.Debug|Any CPU.ActiveCfg = Debug|Any CPU
		{55FB9DAF-ECD7-4BE2-9A92-76E46B94FDCB}.Debug|Any CPU.Build.0 = Debug|Any CPU
		{55FB9DAF-ECD7-4BE2-9A92-76E46B94FDCB}.Release|Any CPU.ActiveCfg = Release|Any CPU
		{55FB9DAF-ECD7-4BE2-9A92-76E46B94FDCB}.Release|Any CPU.Build.0 = Release|Any CPU
	EndGlobalSection
	GlobalSection(SolutionProperties) = preSolution
		HideSolutionNode = FALSE
	EndGlobalSection
	GlobalSection(ExtensibilityGlobals) = postSolution
		SolutionGuid = {03881ABF-3706-4258-9EF5-7D5B5E0BB5F6}
	EndGlobalSection
EndGlobal
